
Microsoft Visual Studio Solution File, Format Version 12.00
# Visual Studio 15
VisualStudioVersion = 15.0.28307.489
MinimumVisualStudioVersion = 10.0.40219.1
Project("{FAE04EC0-301F-11D3-BF4B-00C04F79EFBC}") = "security project", "security project\security project.csproj", "{5EF05F5C-C045-4DA3-8EFA-A152AD085C92}"
EndProject
Global
	GlobalSection(SolutionConfigurationPlatforms) = preSolution
		Debug|Any CPU = Debug|Any CPU
		Release|Any CPU = Release|Any CPU
	EndGlobalSection
	GlobalSection(ProjectConfigurationPlatforms) = postSolution
		{5EF05F5C-C045-4DA3-8EFA-A152AD085C92}.Debug|Any CPU.ActiveCfg = Debug|Any CPU
		{5EF05F5C-C045-4DA3-8EFA-A152AD085C92}.Debug|Any CPU.Build.0 = Debug|Any CPU
		{5EF05F5C-C045-4DA3-8EFA-A152AD085C92}.Release|Any CPU.ActiveCfg = Release|Any CPU
		{5EF05F5C-C045-4DA3-8EFA-A152AD085C92}.Release|Any CPU.Build.0 = Release|Any CPU
	EndGlobalSection
	GlobalSection(SolutionProperties) = preSolution
		HideSolutionNode = FALSE
	EndGlobalSection
	GlobalSection(ExtensibilityGlobals) = postSolution
		SolutionGuid = {1D6E9DF6-FC70-4563-972A-ED7A302765CA}
	EndGlobalSection
EndGlobal
